// !$*UTF8*$!
{
	archiveVersion = 1;
	classes = {
	};
	objectVersion = 46;
	objects = {

/* Begin PBXBuildFile section */
		C4561F9E1F32F15000808825 /* EGOverlay.m in Sources */ = {isa = PBXBuildFile; fileRef = C4561F9D1F32F15000808825 /* EGOverlay.m */; };
		C4561FA11F32F1E900808825 /* EGOverlayRenderer.m in Sources */ = {isa = PBXBuildFile; fileRef = C4561FA01F32F1E900808825 /* EGOverlayRenderer.m */; };
		C4561FA41F33037800808825 /* EGPolylineOverLay.m in Sources */ = {isa = PBXBuildFile; fileRef = C4561FA31F33037800808825 /* EGPolylineOverLay.m */; };
		C4561FA71F3303ED00808825 /* GradientPolylineOverlay.m in Sources */ = {isa = PBXBuildFile; fileRef = C4561FA61F3303ED00808825 /* GradientPolylineOverlay.m */; };
		C4561FAA1F33044800808825 /* GradientPolylineRenderer.m in Sources */ = {isa = PBXBuildFile; fileRef = C4561FA91F33044800808825 /* GradientPolylineRenderer.m */; };
		C46AA95C1F270E2200DCE49B /* main.m in Sources */ = {isa = PBXBuildFile; fileRef = C46AA95B1F270E2200DCE49B /* main.m */; };
		C46AA95F1F270E2300DCE49B /* AppDelegate.m in Sources */ = {isa = PBXBuildFile; fileRef = C46AA95E1F270E2300DCE49B /* AppDelegate.m */; };
		C46AA9621F270E2300DCE49B /* ViewController.m in Sources */ = {isa = PBXBuildFile; fileRef = C46AA9611F270E2300DCE49B /* ViewController.m */; };
		C46AA9671F270E2300DCE49B /* Assets.xcassets in Resources */ = {isa = PBXBuildFile; fileRef = C46AA9661F270E2300DCE49B /* Assets.xcassets */; };
		C46AA96A1F270E2300DCE49B /* LaunchScreen.storyboard in Resources */ = {isa = PBXBuildFile; fileRef = C46AA9681F270E2300DCE49B /* LaunchScreen.storyboard */; };
		C46AA9751F270E2400DCE49B /* EGMapCollectorTests.m in Sources */ = {isa = PBXBuildFile; fileRef = C46AA9741F270E2400DCE49B /* EGMapCollectorTests.m */; };
		C46AA9801F270E2400DCE49B /* EGMapCollectorUITests.m in Sources */ = {isa = PBXBuildFile; fileRef = C46AA97F1F270E2400DCE49B /* EGMapCollectorUITests.m */; };
		C46AA9971F27172300DCE49B /* SettingTableViewController.m in Sources */ = {isa = PBXBuildFile; fileRef = C46AA9961F27172300DCE49B /* SettingTableViewController.m */; };
		C46AA99A1F2720D600DCE49B /* ActionRouter.m in Sources */ = {isa = PBXBuildFile; fileRef = C46AA9991F2720D600DCE49B /* ActionRouter.m */; };
		C4B788A61F31979500756C4A /* EGAnnotation.m in Sources */ = {isa = PBXBuildFile; fileRef = C4B788A51F31979500756C4A /* EGAnnotation.m */; };
		C4DD998F1F31B341000D40AF /* EGAnnotationView.m in Sources */ = {isa = PBXBuildFile; fileRef = C4DD998E1F31B341000D40AF /* EGAnnotationView.m */; };
/* End PBXBuildFile section */

/* Begin PBXContainerItemProxy section */
		C46AA9711F270E2400DCE49B /* PBXContainerItemProxy */ = {
			isa = PBXContainerItemProxy;
			containerPortal = C46AA94F1F270E2100DCE49B /* Project object */;
			proxyType = 1;
			remoteGlobalIDString = C46AA9561F270E2100DCE49B;
			remoteInfo = EGMapCollector;
		};
		C46AA97C1F270E2400DCE49B /* PBXContainerItemProxy */ = {
			isa = PBXContainerItemProxy;
			containerPortal = C46AA94F1F270E2100DCE49B /* Project object */;
			proxyType = 1;
			remoteGlobalIDString = C46AA9561F270E2100DCE49B;
			remoteInfo = EGMapCollector;
		};
/* End PBXContainerItemProxy section */

/* Begin PBXFileReference section */
		C4561F9C1F32F15000808825 /* EGOverlay.h */ = {isa = PBXFileReference; fileEncoding = 4; lastKnownFileType = sourcecode.c.h; path = EGOverlay.h; sourceTree = "<group>"; };
		C4561F9D1F32F15000808825 /* EGOverlay.m */ = {isa = PBXFileReference; fileEncoding = 4; lastKnownFileType = sourcecode.c.objc; path = EGOverlay.m; sourceTree = "<group>"; };
		C4561F9F1F32F1E900808825 /* EGOverlayRenderer.h */ = {isa = PBXFileReference; fileEncoding = 4; lastKnownFileType = sourcecode.c.h; path = EGOverlayRenderer.h; sourceTree = "<group>"; };
		C4561FA01F32F1E900808825 /* EGOverlayRenderer.m */ = {isa = PBXFileReference; fileEncoding = 4; lastKnownFileType = sourcecode.c.objc; path = EGOverlayRenderer.m; sourceTree = "<group>"; };
		C4561FA21F33037800808825 /* EGPolylineOverLay.h */ = {isa = PBXFileReference; fileEncoding = 4; lastKnownFileType = sourcecode.c.h; path = EGPolylineOverLay.h; sourceTree = "<group>"; };
		C4561FA31F33037800808825 /* EGPolylineOverLay.m */ = {isa = PBXFileReference; fileEncoding = 4; lastKnownFileType = sourcecode.c.objc; path = EGPolylineOverLay.m; sourceTree = "<group>"; };
		C4561FA51F3303ED00808825 /* GradientPolylineOverlay.h */ = {isa = PBXFileReference; fileEncoding = 4; lastKnownFileType = sourcecode.c.h; path = GradientPolylineOverlay.h; sourceTree = "<group>"; };
		C4561FA61F3303ED00808825 /* GradientPolylineOverlay.m */ = {isa = PBXFileReference; fileEncoding = 4; lastKnownFileType = sourcecode.c.objc; path = GradientPolylineOverlay.m; sourceTree = "<group>"; };
		C4561FA81F33044800808825 /* GradientPolylineRenderer.h */ = {isa = PBXFileReference; fileEncoding = 4; lastKnownFileType = sourcecode.c.h; path = GradientPolylineRenderer.h; sourceTree = "<group>"; };
		C4561FA91F33044800808825 /* GradientPolylineRenderer.m */ = {isa = PBXFileReference; fileEncoding = 4; lastKnownFileType = sourcecode.c.objc; path = GradientPolylineRenderer.m; sourceTree = "<group>"; };
		C46AA9571F270E2100DCE49B /* EGMapCollector.app */ = {isa = PBXFileReference; explicitFileType = wrapper.application; includeInIndex = 0; path = EGMapCollector.app; sourceTree = BUILT_PRODUCTS_DIR; };
		C46AA95B1F270E2200DCE49B /* main.m */ = {isa = PBXFileReference; lastKnownFileType = sourcecode.c.objc; path = main.m; sourceTree = "<group>"; };
		C46AA95D1F270E2300DCE49B /* AppDelegate.h */ = {isa = PBXFileReference; lastKnownFileType = sourcecode.c.h; path = AppDelegate.h; sourceTree = "<group>"; };
		C46AA95E1F270E2300DCE49B /* AppDelegate.m */ = {isa = PBXFileReference; lastKnownFileType = sourcecode.c.objc; path = AppDelegate.m; sourceTree = "<group>"; };
		C46AA9601F270E2300DCE49B /* ViewController.h */ = {isa = PBXFileReference; lastKnownFileType = sourcecode.c.h; path = ViewController.h; sourceTree = "<group>"; };
		C46AA9611F270E2300DCE49B /* ViewController.m */ = {isa = PBXFileReference; lastKnownFileType = sourcecode.c.objc; path = ViewController.m; sourceTree = "<group>"; };
		C46AA9661F270E2300DCE49B /* Assets.xcassets */ = {isa = PBXFileReference; lastKnownFileType = folder.assetcatalog; path = Assets.xcassets; sourceTree = "<group>"; };
		C46AA9691F270E2300DCE49B /* Base */ = {isa = PBXFileReference; lastKnownFileType = file.storyboard; name = Base; path = Base.lproj/LaunchScreen.storyboard; sourceTree = "<group>"; };
		C46AA96B1F270E2400DCE49B /* Info.plist */ = {isa = PBXFileReference; lastKnownFileType = text.plist.xml; path = Info.plist; sourceTree = "<group>"; };
		C46AA9701F270E2400DCE49B /* EGMapCollectorTests.xctest */ = {isa = PBXFileReference; explicitFileType = wrapper.cfbundle; includeInIndex = 0; path = EGMapCollectorTests.xctest; sourceTree = BUILT_PRODUCTS_DIR; };
		C46AA9741F270E2400DCE49B /* EGMapCollectorTests.m */ = {isa = PBXFileReference; lastKnownFileType = sourcecode.c.objc; path = EGMapCollectorTests.m; sourceTree = "<group>"; };
		C46AA9761F270E2400DCE49B /* Info.plist */ = {isa = PBXFileReference; lastKnownFileType = text.plist.xml; path = Info.plist; sourceTree = "<group>"; };
		C46AA97B1F270E2400DCE49B /* EGMapCollectorUITests.xctest */ = {isa = PBXFileReference; explicitFileType = wrapper.cfbundle; includeInIndex = 0; path = EGMapCollectorUITests.xctest; sourceTree = BUILT_PRODUCTS_DIR; };
		C46AA97F1F270E2400DCE49B /* EGMapCollectorUITests.m */ = {isa = PBXFileReference; lastKnownFileType = sourcecode.c.objc; path = EGMapCollectorUITests.m; sourceTree = "<group>"; };
		C46AA9811F270E2500DCE49B /* Info.plist */ = {isa = PBXFileReference; lastKnownFileType = text.plist.xml; path = Info.plist; sourceTree = "<group>"; };
		C46AA9951F27172300DCE49B /* SettingTableViewController.h */ = {isa = PBXFileReference; fileEncoding = 4; lastKnownFileType = sourcecode.c.h; path = SettingTableViewController.h; sourceTree = "<group>"; };
		C46AA9961F27172300DCE49B /* SettingTableViewController.m */ = {isa = PBXFileReference; fileEncoding = 4; lastKnownFileType = sourcecode.c.objc; path = SettingTableViewController.m; sourceTree = "<group>"; };
		C46AA9981F2720D600DCE49B /* ActionRouter.h */ = {isa = PBXFileReference; fileEncoding = 4; lastKnownFileType = sourcecode.c.h; path = ActionRouter.h; sourceTree = "<group>"; };
		C46AA9991F2720D600DCE49B /* ActionRouter.m */ = {isa = PBXFileReference; fileEncoding = 4; lastKnownFileType = sourcecode.c.objc; path = ActionRouter.m; sourceTree = "<group>"; };
		C46AA99B1F27244200DCE49B /* Constants.h */ = {isa = PBXFileReference; lastKnownFileType = sourcecode.c.h; path = Constants.h; sourceTree = "<group>"; };
		C4B788A41F31979500756C4A /* EGAnnotation.h */ = {isa = PBXFileReference; fileEncoding = 4; lastKnownFileType = sourcecode.c.h; path = EGAnnotation.h; sourceTree = "<group>"; };
		C4B788A51F31979500756C4A /* EGAnnotation.m */ = {isa = PBXFileReference; fileEncoding = 4; lastKnownFileType = sourcecode.c.objc; path = EGAnnotation.m; sourceTree = "<group>"; };
		C4DD998D1F31B341000D40AF /* EGAnnotationView.h */ = {isa = PBXFileReference; fileEncoding = 4; lastKnownFileType = sourcecode.c.h; path = EGAnnotationView.h; sourceTree = "<group>"; };
		C4DD998E1F31B341000D40AF /* EGAnnotationView.m */ = {isa = PBXFileReference; fileEncoding = 4; lastKnownFileType = sourcecode.c.objc; path = EGAnnotationView.m; sourceTree = "<group>"; };
/* End PBXFileReference section */

/* Begin PBXFrameworksBuildPhase section */
		C46AA9541F270E2100DCE49B /* Frameworks */ = {
			isa = PBXFrameworksBuildPhase;
			buildActionMask = 2147483647;
			files = (
			);
			runOnlyForDeploymentPostprocessing = 0;
		};
		C46AA96D1F270E2400DCE49B /* Frameworks */ = {
			isa = PBXFrameworksBuildPhase;
			buildActionMask = 2147483647;
			files = (
			);
			runOnlyForDeploymentPostprocessing = 0;
		};
		C46AA9781F270E2400DCE49B /* Frameworks */ = {
			isa = PBXFrameworksBuildPhase;
			buildActionMask = 2147483647;
			files = (
			);
			runOnlyForDeploymentPostprocessing = 0;
		};
/* End PBXFrameworksBuildPhase section */

/* Begin PBXGroup section */
		C46AA94E1F270E2100DCE49B = {
			isa = PBXGroup;
			children = (
				C46AA9591F270E2100DCE49B /* EGMapCollector */,
				C46AA9731F270E2400DCE49B /* EGMapCollectorTests */,
				C46AA97E1F270E2400DCE49B /* EGMapCollectorUITests */,
				C46AA9581F270E2100DCE49B /* Products */,
			);
			sourceTree = "<group>";
		};
		C46AA9581F270E2100DCE49B /* Products */ = {
			isa = PBXGroup;
			children = (
				C46AA9571F270E2100DCE49B /* EGMapCollector.app */,
				C46AA9701F270E2400DCE49B /* EGMapCollectorTests.xctest */,
				C46AA97B1F270E2400DCE49B /* EGMapCollectorUITests.xctest */,
			);
			name = Products;
			sourceTree = "<group>";
		};
		C46AA9591F270E2100DCE49B /* EGMapCollector */ = {
			isa = PBXGroup;
			children = (
				C46AA95D1F270E2300DCE49B /* AppDelegate.h */,
				C46AA95E1F270E2300DCE49B /* AppDelegate.m */,
				C46AA9601F270E2300DCE49B /* ViewController.h */,
				C46AA9611F270E2300DCE49B /* ViewController.m */,
				C46AA9951F27172300DCE49B /* SettingTableViewController.h */,
				C46AA9961F27172300DCE49B /* SettingTableViewController.m */,
				C46AA9981F2720D600DCE49B /* ActionRouter.h */,
				C46AA9991F2720D600DCE49B /* ActionRouter.m */,
				C4B788A31F31976D00756C4A /* Custom Class */,
				C46AA98D1F2710E600DCE49B /* Source */,
				C46AA95A1F270E2200DCE49B /* Supporting Files */,
			);
			path = EGMapCollector;
			sourceTree = "<group>";
		};
		C46AA95A1F270E2200DCE49B /* Supporting Files */ = {
			isa = PBXGroup;
			children = (
				C46AA95B1F270E2200DCE49B /* main.m */,
			);
			name = "Supporting Files";
			sourceTree = "<group>";
		};
		C46AA9731F270E2400DCE49B /* EGMapCollectorTests */ = {
			isa = PBXGroup;
			children = (
				C46AA9741F270E2400DCE49B /* EGMapCollectorTests.m */,
				C46AA9761F270E2400DCE49B /* Info.plist */,
			);
			path = EGMapCollectorTests;
			sourceTree = "<group>";
		};
		C46AA97E1F270E2400DCE49B /* EGMapCollectorUITests */ = {
			isa = PBXGroup;
			children = (
				C46AA97F1F270E2400DCE49B /* EGMapCollectorUITests.m */,
				C46AA9811F270E2500DCE49B /* Info.plist */,
			);
			path = EGMapCollectorUITests;
			sourceTree = "<group>";
		};
		C46AA98D1F2710E600DCE49B /* Source */ = {
			isa = PBXGroup;
			children = (
				C46AA99B1F27244200DCE49B /* Constants.h */,
				C46AA9661F270E2300DCE49B /* Assets.xcassets */,
				C46AA9681F270E2300DCE49B /* LaunchScreen.storyboard */,
				C46AA96B1F270E2400DCE49B /* Info.plist */,
			);
			name = Source;
			sourceTree = "<group>";
		};
		C4B788A31F31976D00756C4A /* Custom Class */ = {
			isa = PBXGroup;
			children = (
				C4B788A41F31979500756C4A /* EGAnnotation.h */,
				C4B788A51F31979500756C4A /* EGAnnotation.m */,
				C4DD998D1F31B341000D40AF /* EGAnnotationView.h */,
				C4DD998E1F31B341000D40AF /* EGAnnotationView.m */,
				C4561FA21F33037800808825 /* EGPolylineOverLay.h */,
				C4561FA31F33037800808825 /* EGPolylineOverLay.m */,
				C4561F9C1F32F15000808825 /* EGOverlay.h */,
				C4561F9D1F32F15000808825 /* EGOverlay.m */,
				C4561F9F1F32F1E900808825 /* EGOverlayRenderer.h */,
				C4561FA01F32F1E900808825 /* EGOverlayRenderer.m */,
				C4561FA51F3303ED00808825 /* GradientPolylineOverlay.h */,
				C4561FA61F3303ED00808825 /* GradientPolylineOverlay.m */,
				C4561FA81F33044800808825 /* GradientPolylineRenderer.h */,
				C4561FA91F33044800808825 /* GradientPolylineRenderer.m */,
			);
			name = "Custom Class";
			sourceTree = "<group>";
		};
/* End PBXGroup section */

/* Begin PBXNativeTarget section */
		C46AA9561F270E2100DCE49B /* EGMapCollector */ = {
			isa = PBXNativeTarget;
			buildConfigurationList = C46AA9841F270E2500DCE49B /* Build configuration list for PBXNativeTarget "EGMapCollector" */;
			buildPhases = (
				C46AA9531F270E2100DCE49B /* Sources */,
				C46AA9541F270E2100DCE49B /* Frameworks */,
				C46AA9551F270E2100DCE49B /* Resources */,
			);
			buildRules = (
			);
			dependencies = (
			);
			name = EGMapCollector;
			productName = EGMapCollector;
			productReference = C46AA9571F270E2100DCE49B /* EGMapCollector.app */;
			productType = "com.apple.product-type.application";
		};
		C46AA96F1F270E2400DCE49B /* EGMapCollectorTests */ = {
			isa = PBXNativeTarget;
			buildConfigurationList = C46AA9871F270E2500DCE49B /* Build configuration list for PBXNativeTarget "EGMapCollectorTests" */;
			buildPhases = (
				C46AA96C1F270E2400DCE49B /* Sources */,
				C46AA96D1F270E2400DCE49B /* Frameworks */,
				C46AA96E1F270E2400DCE49B /* Resources */,
			);
			buildRules = (
			);
			dependencies = (
				C46AA9721F270E2400DCE49B /* PBXTargetDependency */,
			);
			name = EGMapCollectorTests;
			productName = EGMapCollectorTests;
			productReference = C46AA9701F270E2400DCE49B /* EGMapCollectorTests.xctest */;
			productType = "com.apple.product-type.bundle.unit-test";
		};
		C46AA97A1F270E2400DCE49B /* EGMapCollectorUITests */ = {
			isa = PBXNativeTarget;
			buildConfigurationList = C46AA98A1F270E2500DCE49B /* Build configuration list for PBXNativeTarget "EGMapCollectorUITests" */;
			buildPhases = (
				C46AA9771F270E2400DCE49B /* Sources */,
				C46AA9781F270E2400DCE49B /* Frameworks */,
				C46AA9791F270E2400DCE49B /* Resources */,
			);
			buildRules = (
			);
			dependencies = (
				C46AA97D1F270E2400DCE49B /* PBXTargetDependency */,
			);
			name = EGMapCollectorUITests;
			productName = EGMapCollectorUITests;
			productReference = C46AA97B1F270E2400DCE49B /* EGMapCollectorUITests.xctest */;
			productType = "com.apple.product-type.bundle.ui-testing";
		};
/* End PBXNativeTarget section */

/* Begin PBXProject section */
		C46AA94F1F270E2100DCE49B /* Project object */ = {
			isa = PBXProject;
			attributes = {
				LastUpgradeCheck = 0830;
				ORGANIZATIONNAME = EGMade;
				TargetAttributes = {
					C46AA9561F270E2100DCE49B = {
						CreatedOnToolsVersion = 8.3.3;
						DevelopmentTeam = 3RQ4UGLT33;
						ProvisioningStyle = Automatic;
					};
					C46AA96F1F270E2400DCE49B = {
						CreatedOnToolsVersion = 8.3.3;
						DevelopmentTeam = 3RQ4UGLT33;
						ProvisioningStyle = Automatic;
						TestTargetID = C46AA9561F270E2100DCE49B;
					};
					C46AA97A1F270E2400DCE49B = {
						CreatedOnToolsVersion = 8.3.3;
						DevelopmentTeam = 3RQ4UGLT33;
						ProvisioningStyle = Automatic;
						TestTargetID = C46AA9561F270E2100DCE49B;
					};
				};
			};
			buildConfigurationList = C46AA9521F270E2100DCE49B /* Build configuration list for PBXProject "EGMapCollector" */;
			compatibilityVersion = "Xcode 3.2";
			developmentRegion = English;
			hasScannedForEncodings = 0;
			knownRegions = (
				en,
				Base,
			);
			mainGroup = C46AA94E1F270E2100DCE49B;
			productRefGroup = C46AA9581F270E2100DCE49B /* Products */;
			projectDirPath = "";
			projectRoot = "";
			targets = (
				C46AA9561F270E2100DCE49B /* EGMapCollector */,
				C46AA96F1F270E2400DCE49B /* EGMapCollectorTests */,
				C46AA97A1F270E2400DCE49B /* EGMapCollectorUITests */,
			);
		};
/* End PBXProject section */

/* Begin PBXResourcesBuildPhase section */
		C46AA9551F270E2100DCE49B /* Resources */ = {
			isa = PBXResourcesBuildPhase;
			buildActionMask = 2147483647;
			files = (
				C46AA96A1F270E2300DCE49B /* LaunchScreen.storyboard in Resources */,
				C46AA9671F270E2300DCE49B /* Assets.xcassets in Resources */,
			);
			runOnlyForDeploymentPostprocessing = 0;
		};
		C46AA96E1F270E2400DCE49B /* Resources */ = {
			isa = PBXResourcesBuildPhase;
			buildActionMask = 2147483647;
			files = (
			);
			runOnlyForDeploymentPostprocessing = 0;
		};
		C46AA9791F270E2400DCE49B /* Resources */ = {
			isa = PBXResourcesBuildPhase;
			buildActionMask = 2147483647;
			files = (
			);
			runOnlyForDeploymentPostprocessing = 0;
		};
/* End PBXResourcesBuildPhase section */

/* Begin PBXSourcesBuildPhase section */
		C46AA9531F270E2100DCE49B /* Sources */ = {
			isa = PBXSourcesBuildPhase;
			buildActionMask = 2147483647;
			files = (
				C46AA9621F270E2300DCE49B /* ViewController.m in Sources */,
				C4B788A61F31979500756C4A /* EGAnnotation.m in Sources */,
				C46AA95F1F270E2300DCE49B /* AppDelegate.m in Sources */,
				C46AA99A1F2720D600DCE49B /* ActionRouter.m in Sources */,
				C4561F9E1F32F15000808825 /* EGOverlay.m in Sources */,
				C46AA95C1F270E2200DCE49B /* main.m in Sources */,
				C4561FA41F33037800808825 /* EGPolylineOverLay.m in Sources */,
				C4561FA11F32F1E900808825 /* EGOverlayRenderer.m in Sources */,
				C46AA9971F27172300DCE49B /* SettingTableViewController.m in Sources */,
				C4561FA71F3303ED00808825 /* GradientPolylineOverlay.m in Sources */,
				C4561FAA1F33044800808825 /* GradientPolylineRenderer.m in Sources */,
				C4DD998F1F31B341000D40AF /* EGAnnotationView.m in Sources */,
			);
			runOnlyForDeploymentPostprocessing = 0;
		};
		C46AA96C1F270E2400DCE49B /* Sources */ = {
			isa = PBXSourcesBuildPhase;
			buildActionMask = 2147483647;
			files = (
				C46AA9751F270E2400DCE49B /* EGMapCollectorTests.m in Sources */,
			);
			runOnlyForDeploymentPostprocessing = 0;
		};
		C46AA9771F270E2400DCE49B /* Sources */ = {
			isa = PBXSourcesBuildPhase;
			buildActionMask = 2147483647;
			files = (
				C46AA9801F270E2400DCE49B /* EGMapCollectorUITests.m in Sources */,
			);
			runOnlyForDeploymentPostprocessing = 0;
		};
/* End PBXSourcesBuildPhase section */

/* Begin PBXTargetDependency section */
		C46AA9721F270E2400DCE49B /* PBXTargetDependency */ = {
			isa = PBXTargetDependency;
			target = C46AA9561F270E2100DCE49B /* EGMapCollector */;
			targetProxy = C46AA9711F270E2400DCE49B /* PBXContainerItemProxy */;
		};
		C46AA97D1F270E2400DCE49B /* PBXTargetDependency */ = {
			isa = PBXTargetDependency;
			target = C46AA9561F270E2100DCE49B /* EGMapCollector */;
			targetProxy = C46AA97C1F270E2400DCE49B /* PBXContainerItemProxy */;
		};
/* End PBXTargetDependency section */

/* Begin PBXVariantGroup section */
		C46AA9681F270E2300DCE49B /* LaunchScreen.storyboard */ = {
			isa = PBXVariantGroup;
			children = (
				C46AA9691F270E2300DCE49B /* Base */,
			);
			name = LaunchScreen.storyboard;
			sourceTree = "<group>";
		};
/* End PBXVariantGroup section */

/* Begin XCBuildConfiguration section */
		C46AA9821F270E2500DCE49B /* Debug */ = {
			isa = XCBuildConfiguration;
			buildSettings = {
				ALWAYS_SEARCH_USER_PATHS = NO;
				CLANG_ANALYZER_NONNULL = YES;
				CLANG_ANALYZER_NUMBER_OBJECT_CONVERSION = YES_AGGRESSIVE;
				CLANG_CXX_LANGUAGE_STANDARD = "gnu++0x";
				CLANG_CXX_LIBRARY = "libc++";
				CLANG_ENABLE_MODULES = YES;
				CLANG_ENABLE_OBJC_ARC = YES;
				CLANG_WARN_BOOL_CONVERSION = YES;
				CLANG_WARN_CONSTANT_CONVERSION = YES;
				CLANG_WARN_DIRECT_OBJC_ISA_USAGE = YES_ERROR;
				CLANG_WARN_DOCUMENTATION_COMMENTS = YES;
				CLANG_WARN_EMPTY_BODY = YES;
				CLANG_WARN_ENUM_CONVERSION = YES;
				CLANG_WARN_INFINITE_RECURSION = YES;
				CLANG_WARN_INT_CONVERSION = YES;
				CLANG_WARN_OBJC_ROOT_CLASS = YES_ERROR;
				CLANG_WARN_SUSPICIOUS_MOVE = YES;
				CLANG_WARN_UNREACHABLE_CODE = YES;
				CLANG_WARN__DUPLICATE_METHOD_MATCH = YES;
				"CODE_SIGN_IDENTITY[sdk=iphoneos*]" = "iPhone Developer";
				COPY_PHASE_STRIP = NO;
				DEBUG_INFORMATION_FORMAT = dwarf;
				ENABLE_STRICT_OBJC_MSGSEND = YES;
				ENABLE_TESTABILITY = YES;
				GCC_C_LANGUAGE_STANDARD = gnu99;
				GCC_DYNAMIC_NO_PIC = NO;
				GCC_NO_COMMON_BLOCKS = YES;
				GCC_OPTIMIZATION_LEVEL = 0;
				GCC_PREPROCESSOR_DEFINITIONS = (
					"DEBUG=1",
					"$(inherited)",
				);
				GCC_WARN_64_TO_32_BIT_CONVERSION = YES;
				GCC_WARN_ABOUT_RETURN_TYPE = YES_ERROR;
				GCC_WARN_UNDECLARED_SELECTOR = YES;
				GCC_WARN_UNINITIALIZED_AUTOS = YES_AGGRESSIVE;
				GCC_WARN_UNUSED_FUNCTION = YES;
				GCC_WARN_UNUSED_VARIABLE = YES;
				IPHONEOS_DEPLOYMENT_TARGET = 9.0;
				MTL_ENABLE_DEBUG_INFO = YES;
				ONLY_ACTIVE_ARCH = YES;
				SDKROOT = iphoneos;
			};
			name = Debug;
		};
		C46AA9831F270E2500DCE49B /* Release */ = {
			isa = XCBuildConfiguration;
			buildSettings = {
				ALWAYS_SEARCH_USER_PATHS = NO;
				CLANG_ANALYZER_NONNULL = YES;
				CLANG_ANALYZER_NUMBER_OBJECT_CONVERSION = YES_AGGRESSIVE;
				CLANG_CXX_LANGUAGE_STANDARD = "gnu++0x";
				CLANG_CXX_LIBRARY = "libc++";
				CLANG_ENABLE_MODULES = YES;
				CLANG_ENABLE_OBJC_ARC = YES;
				CLANG_WARN_BOOL_CONVERSION = YES;
				CLANG_WARN_CONSTANT_CONVERSION = YES;
				CLANG_WARN_DIRECT_OBJC_ISA_USAGE = YES_ERROR;
				CLANG_WARN_DOCUMENTATION_COMMENTS = YES;
				CLANG_WARN_EMPTY_BODY = YES;
				CLANG_WARN_ENUM_CONVERSION = YES;
				CLANG_WARN_INFINITE_RECURSION = YES;
				CLANG_WARN_INT_CONVERSION = YES;
				CLANG_WARN_OBJC_ROOT_CLASS = YES_ERROR;
				CLANG_WARN_SUSPICIOUS_MOVE = YES;
				CLANG_WARN_UNREACHABLE_CODE = YES;
				CLANG_WARN__DUPLICATE_METHOD_MATCH = YES;
				"CODE_SIGN_IDENTITY[sdk=iphoneos*]" = "iPhone Developer";
				COPY_PHASE_STRIP = NO;
				DEBUG_INFORMATION_FORMAT = "dwarf-with-dsym";
				ENABLE_NS_ASSERTIONS = NO;
				ENABLE_STRICT_OBJC_MSGSEND = YES;
				GCC_C_LANGUAGE_STANDARD = gnu99;
				GCC_NO_COMMON_BLOCKS = YES;
				GCC_WARN_64_TO_32_BIT_CONVERSION = YES;
				GCC_WARN_ABOUT_RETURN_TYPE = YES_ERROR;
				GCC_WARN_UNDECLARED_SELECTOR = YES;
				GCC_WARN_UNINITIALIZED_AUTOS = YES_AGGRESSIVE;
				GCC_WARN_UNUSED_FUNCTION = YES;
				GCC_WARN_UNUSED_VARIABLE = YES;
				IPHONEOS_DEPLOYMENT_TARGET = 9.0;
				MTL_ENABLE_DEBUG_INFO = NO;
				SDKROOT = iphoneos;
				VALIDATE_PRODUCT = YES;
			};
			name = Release;
		};
		C46AA9851F270E2500DCE49B /* Debug */ = {
			isa = XCBuildConfiguration;
			buildSettings = {
				ASSETCATALOG_COMPILER_APPICON_NAME = AppIcon;
				DEVELOPMENT_TEAM = 3RQ4UGLT33;
				INFOPLIST_FILE = EGMapCollector/Info.plist;
				IPHONEOS_DEPLOYMENT_TARGET = 9.0;
				LD_RUNPATH_SEARCH_PATHS = "$(inherited) @executable_path/Frameworks";
				PRODUCT_BUNDLE_IDENTIFIER = com.evilGoose.EGMapCollector;
				PRODUCT_NAME = "$(TARGET_NAME)";
				TARGETED_DEVICE_FAMILY = 1;
			};
			name = Debug;
		};
		C46AA9861F270E2500DCE49B /* Release */ = {
			isa = XCBuildConfiguration;
			buildSettings = {
				ASSETCATALOG_COMPILER_APPICON_NAME = AppIcon;
				DEVELOPMENT_TEAM = 3RQ4UGLT33;
				INFOPLIST_FILE = EGMapCollector/Info.plist;
				IPHONEOS_DEPLOYMENT_TARGET = 9.0;
				LD_RUNPATH_SEARCH_PATHS = "$(inherited) @executable_path/Frameworks";
				PRODUCT_BUNDLE_IDENTIFIER = com.evilGoose.EGMapCollector;
				PRODUCT_NAME = "$(TARGET_NAME)";
				TARGETED_DEVICE_FAMILY = 1;
			};
			name = Release;
		};
		C46AA9881F270E2500DCE49B /* Debug */ = {
			isa = XCBuildConfiguration;
			buildSettings = {
				BUNDLE_LOADER = "$(TEST_HOST)";
				DEVELOPMENT_TEAM = 3RQ4UGLT33;
				INFOPLIST_FILE = EGMapCollectorTests/Info.plist;
				LD_RUNPATH_SEARCH_PATHS = "$(inherited) @executable_path/Frameworks @loader_path/Frameworks";
				PRODUCT_BUNDLE_IDENTIFIER = com.evilGoose.EGMapCollectorTests;
				PRODUCT_NAME = "$(TARGET_NAME)";
				TEST_HOST = "$(BUILT_PRODUCTS_DIR)/EGMapCollector.app/EGMapCollector";
			};
			name = Debug;
		};
		C46AA9891F270E2500DCE49B /* Release */ = {
			isa = XCBuildConfiguration;
			buildSettings = {
				BUNDLE_LOADER = "$(TEST_HOST)";
				DEVELOPMENT_TEAM = 3RQ4UGLT33;
				INFOPLIST_FILE = EGMapCollectorTests/Info.plist;
				LD_RUNPATH_SEARCH_PATHS = "$(inherited) @executable_path/Frameworks @loader_path/Frameworks";
				PRODUCT_BUNDLE_IDENTIFIER = com.evilGoose.EGMapCollectorTests;
				PRODUCT_NAME = "$(TARGET_NAME)";
				TEST_HOST = "$(BUILT_PRODUCTS_DIR)/EGMapCollector.app/EGMapCollector";
			};
			name = Release;
		};
		C46AA98B1F270E2500DCE49B /* Debug */ = {
			isa = XCBuildConfiguration;
			buildSettings = {
				DEVELOPMENT_TEAM = 3RQ4UGLT33;
				INFOPLIST_FILE = EGMapCollectorUITests/Info.plist;
				LD_RUNPATH_SEARCH_PATHS = "$(inherited) @executable_path/Frameworks @loader_path/Frameworks";
				PRODUCT_BUNDLE_IDENTIFIER = com.evilGoose.EGMapCollectorUITests;
				PRODUCT_NAME = "$(TARGET_NAME)";
				TEST_TARGET_NAME = EGMapCollector;
			};
			name = Debug;
		};
		C46AA98C1F270E2500DCE49B /* Release */ = {
			isa = XCBuildConfiguration;
			buildSettings = {
				DEVELOPMENT_TEAM = 3RQ4UGLT33;
				INFOPLIST_FILE = EGMapCollectorUITests/Info.plist;
				LD_RUNPATH_SEARCH_PATHS = "$(inherited) @executable_path/Frameworks @loader_path/Frameworks";
				PRODUCT_BUNDLE_IDENTIFIER = com.evilGoose.EGMapCollectorUITests;
				PRODUCT_NAME = "$(TARGET_NAME)";
				TEST_TARGET_NAME = EGMapCollector;
			};
			name = Release;
		};
/* End XCBuildConfiguration section */

/* Begin XCConfigurationList section */
		C46AA9521F270E2100DCE49B /* Build configuration list for PBXProject "EGMapCollector" */ = {
			isa = XCConfigurationList;
			buildConfigurations = (
				C46AA9821F270E2500DCE49B /* Debug */,
				C46AA9831F270E2500DCE49B /* Release */,
			);
			defaultConfigurationIsVisible = 0;
			defaultConfigurationName = Release;
		};
		C46AA9841F270E2500DCE49B /* Build configuration list for PBXNativeTarget "EGMapCollector" */ = {
			isa = XCConfigurationList;
			buildConfigurations = (
				C46AA9851F270E2500DCE49B /* Debug */,
				C46AA9861F270E2500DCE49B /* Release */,
			);
			defaultConfigurationIsVisible = 0;
			defaultConfigurationName = Release;
		};
		C46AA9871F270E2500DCE49B /* Build configuration list for PBXNativeTarget "EGMapCollectorTests" */ = {
			isa = XCConfigurationList;
			buildConfigurations = (
				C46AA9881F270E2500DCE49B /* Debug */,
				C46AA9891F270E2500DCE49B /* Release */,
			);
			defaultConfigurationIsVisible = 0;
			defaultConfigurationName = Release;
		};
		C46AA98A1F270E2500DCE49B /* Build configuration list for PBXNativeTarget "EGMapCollectorUITests" */ = {
			isa = XCConfigurationList;
			buildConfigurations = (
				C46AA98B1F270E2500DCE49B /* Debug */,
				C46AA98C1F270E2500DCE49B /* Release */,
			);
			defaultConfigurationIsVisible = 0;
			defaultConfigurationName = Release;
		};
/* End XCConfigurationList section */
	};
	rootObject = C46AA94F1F270E2100DCE49B /* Project object */;
}
